
Microsoft Visual Studio Solution File, Format Version 12.00
# Visual Studio 14
VisualStudioVersion = 14.0.24720.0
MinimumVisualStudioVersion = 10.0.40219.1
Project("{8BC9CEB8-8B4A-11D0-8D11-00A0C91BC942}") = "HolaMundo", "HolaMundo\HolaMundo.vcxproj", "{6C60E55E-8676-4BF2-9112-DB2CC02EC2A0}"
EndProject
Project("{8BC9CEB8-8B4A-11D0-8D11-00A0C91BC942}") = "P1Ejer1", "Ejer1\Ejer1.vcxproj", "{92C3E311-4948-4775-B341-4E35B9930A64}"
EndProject
Project("{8BC9CEB8-8B4A-11D0-8D11-00A0C91BC942}") = "P1Ejer2", "Ejer02\Ejer02.vcxproj", "{F7EB794F-E512-474E-93ED-C8AC23B12318}"
EndProject
Project("{8BC9CEB8-8B4A-11D0-8D11-00A0C91BC942}") = "P1Ejer3", "Encriptar\Encriptar.vcxproj", "{BE86A017-C081-4486-AB5C-9F2FD0C1AFEC}"
EndProject
Project("{8BC9CEB8-8B4A-11D0-8D11-00A0C91BC942}") = "P1Ejer4", "Ejerc4\Ejerc4.vcxproj", "{B293E4FD-6836-4F58-B8ED-0A1E2C7A7DD0}"
EndProject
Project("{8BC9CEB8-8B4A-11D0-8D11-00A0C91BC942}") = "P1Ejer5", "MiniCalculadora\MiniCalculadora.vcxproj", "{7CEBCCD3-5405-41DD-AC8B-8F8C4A009570}"
EndProject
Project("{8BC9CEB8-8B4A-11D0-8D11-00A0C91BC942}") = "P2Ejer1", "P2Ejer1\P2Ejer1.vcxproj", "{BED47B31-1F49-422C-A754-F391E3029715}"
EndProject
Project("{8BC9CEB8-8B4A-11D0-8D11-00A0C91BC942}") = "P2Ejer2", "P2Ejer2\P2Ejer2.vcxproj", "{E0CB42DB-5D14-4948-84D0-C30CD14F42BF}"
EndProject
Project("{8BC9CEB8-8B4A-11D0-8D11-00A0C91BC942}") = "P2Ejer3", "P2Ejer3\P2Ejer3.vcxproj", "{27776EA9-BF49-4DF1-A3DD-0D13888CA457}"
EndProject
Project("{8BC9CEB8-8B4A-11D0-8D11-00A0C91BC942}") = "P2Ejer4", "P2Ejer4\P2Ejer4.vcxproj", "{A71CF40C-D224-4F27-B7EE-D3590CFF0F7C}"
EndProject
Project("{8BC9CEB8-8B4A-11D0-8D11-00A0C91BC942}") = "P2Ejer5", "P2Ejer5\P2Ejer5.vcxproj", "{CC7FED71-6789-482B-9FC2-13553D16D733}"
EndProject
Project("{8BC9CEB8-8B4A-11D0-8D11-00A0C91BC942}") = "P3Ejer1", "P3Ejer1\P3Ejer1.vcxproj", "{86483BB8-7034-420C-BD50-753CFC389A3D}"
EndProject
Project("{8BC9CEB8-8B4A-11D0-8D11-00A0C91BC942}") = "P3Ejer2", "P3Ejer2\P3Ejer2.vcxproj", "{545139FE-45F4-4B99-AA58-03FE0DDB726F}"
EndProject
Project("{8BC9CEB8-8B4A-11D0-8D11-00A0C91BC942}") = "P3Ejer3", "P3Ejer3\P3Ejer3.vcxproj", "{FB0E12D6-8D3D-4C05-8675-CF794869605C}"
EndProject
Project("{8BC9CEB8-8B4A-11D0-8D11-00A0C91BC942}") = "P3Ejer4", "P3Ejer4\P3Ejer4.vcxproj", "{EDCCD0E7-0290-4B17-B5B2-71E8F68A52B7}"
EndProject
Project("{8BC9CEB8-8B4A-11D0-8D11-00A0C91BC942}") = "P3Ejer5", "P3Ejer5\P3Ejer5.vcxproj", "{D4BB4CA9-EC34-481E-AAA6-9B72F1B8654C}"
EndProject
Project("{8BC9CEB8-8B4A-11D0-8D11-00A0C91BC942}") = "P4Ejer1", "P4Ejer1\P4Ejer1.vcxproj", "{3D9588A7-DF27-4872-9B20-CC85F112968F}"
EndProject
Project("{8BC9CEB8-8B4A-11D0-8D11-00A0C91BC942}") = "P4Ejer2", "P4Ejer2\P4Ejer2.vcxproj", "{DB9E6B59-5154-48D0-8B77-8C1958F382F0}"
EndProject
Project("{8BC9CEB8-8B4A-11D0-8D11-00A0C91BC942}") = "P4Ejer3", "P4Ejer3\P4Ejer3.vcxproj", "{5CDF551D-7136-4AA0-934D-206897A5CC6F}"
EndProject
Project("{8BC9CEB8-8B4A-11D0-8D11-00A0C91BC942}") = "P4Ejer4", "P4Ejer4\P4Ejer4.vcxproj", "{A33E7E9F-C302-465A-AA82-4C017D39EB07}"
EndProject
Project("{8BC9CEB8-8B4A-11D0-8D11-00A0C91BC942}") = "P5Ejer1", "P5Ejer1\P5Ejer1.vcxproj", "{A78176C7-6542-4C20-8417-4DDA46A29FA9}"
EndProject
Project("{8BC9CEB8-8B4A-11D0-8D11-00A0C91BC942}") = "P5Ejer2", "P5Ejer2\P5Ejer2.vcxproj", "{A97188CE-9C1C-4E6B-9CE7-EE72417B9FA7}"
EndProject
Project("{8BC9CEB8-8B4A-11D0-8D11-00A0C91BC942}") = "P5Ejer3", "P5Ejer3\P5Ejer3.vcxproj", "{B2E1473C-61B5-4FCE-ACBF-0C65860AB437}"
EndProject
Project("{8BC9CEB8-8B4A-11D0-8D11-00A0C91BC942}") = "P6Ejer1", "P6Ejer1\P6Ejer1.vcxproj", "{F9FE1F62-9860-4919-9508-51E67CA0FB70}"
EndProject
Project("{8BC9CEB8-8B4A-11D0-8D11-00A0C91BC942}") = "P6Ejer2", "P6Ejer2\P6Ejer2.vcxproj", "{D0C005F6-73C2-4063-A4C7-88F0F5F61F26}"
EndProject
Project("{8BC9CEB8-8B4A-11D0-8D11-00A0C91BC942}") = "P6Ejer3", "P6Ejer3\P6Ejer3.vcxproj", "{3CC079E5-BAD5-4D75-A519-DB7866E4BE13}"
EndProject
Project("{8BC9CEB8-8B4A-11D0-8D11-00A0C91BC942}") = "P6Ejer4", "P6Ejer4\P6Ejer4.vcxproj", "{5D3C9F38-BF8B-4351-9835-0A40A4BD9219}"
EndProject
Project("{8BC9CEB8-8B4A-11D0-8D11-00A0C91BC942}") = "P7Ejer1", "P7Ejer1\P7Ejer1.vcxproj", "{D3C1FAFA-5549-445C-AC01-7DD5A010A6C8}"
EndProject
Global
	GlobalSection(SolutionConfigurationPlatforms) = preSolution
		Debug|x64 = Debug|x64
		Debug|x86 = Debug|x86
		Release|x64 = Release|x64
		Release|x86 = Release|x86
	EndGlobalSection
	GlobalSection(ProjectConfigurationPlatforms) = postSolution
		{6C60E55E-8676-4BF2-9112-DB2CC02EC2A0}.Debug|x64.ActiveCfg = Debug|x64
		{6C60E55E-8676-4BF2-9112-DB2CC02EC2A0}.Debug|x64.Build.0 = Debug|x64
		{6C60E55E-8676-4BF2-9112-DB2CC02EC2A0}.Debug|x86.ActiveCfg = Debug|Win32
		{6C60E55E-8676-4BF2-9112-DB2CC02EC2A0}.Debug|x86.Build.0 = Debug|Win32
		{6C60E55E-8676-4BF2-9112-DB2CC02EC2A0}.Release|x64.ActiveCfg = Release|x64
		{6C60E55E-8676-4BF2-9112-DB2CC02EC2A0}.Release|x64.Build.0 = Release|x64
		{6C60E55E-8676-4BF2-9112-DB2CC02EC2A0}.Release|x86.ActiveCfg = Release|Win32
		{6C60E55E-8676-4BF2-9112-DB2CC02EC2A0}.Release|x86.Build.0 = Release|Win32
		{92C3E311-4948-4775-B341-4E35B9930A64}.Debug|x64.ActiveCfg = Debug|x64
		{92C3E311-4948-4775-B341-4E35B9930A64}.Debug|x64.Build.0 = Debug|x64
		{92C3E311-4948-4775-B341-4E35B9930A64}.Debug|x86.ActiveCfg = Debug|Win32
		{92C3E311-4948-4775-B341-4E35B9930A64}.Debug|x86.Build.0 = Debug|Win32
		{92C3E311-4948-4775-B341-4E35B9930A64}.Release|x64.ActiveCfg = Release|x64
		{92C3E311-4948-4775-B341-4E35B9930A64}.Release|x64.Build.0 = Release|x64
		{92C3E311-4948-4775-B341-4E35B9930A64}.Release|x86.ActiveCfg = Release|Win32
		{92C3E311-4948-4775-B341-4E35B9930A64}.Release|x86.Build.0 = Release|Win32
		{F7EB794F-E512-474E-93ED-C8AC23B12318}.Debug|x64.ActiveCfg = Debug|x64
		{F7EB794F-E512-474E-93ED-C8AC23B12318}.Debug|x64.Build.0 = Debug|x64
		{F7EB794F-E512-474E-93ED-C8AC23B12318}.Debug|x86.ActiveCfg = Debug|Win32
		{F7EB794F-E512-474E-93ED-C8AC23B12318}.Debug|x86.Build.0 = Debug|Win32
		{F7EB794F-E512-474E-93ED-C8AC23B12318}.Release|x64.ActiveCfg = Release|x64
		{F7EB794F-E512-474E-93ED-C8AC23B12318}.Release|x64.Build.0 = Release|x64
		{F7EB794F-E512-474E-93ED-C8AC23B12318}.Release|x86.ActiveCfg = Release|Win32
		{F7EB794F-E512-474E-93ED-C8AC23B12318}.Release|x86.Build.0 = Release|Win32
		{BE86A017-C081-4486-AB5C-9F2FD0C1AFEC}.Debug|x64.ActiveCfg = Debug|x64
		{BE86A017-C081-4486-AB5C-9F2FD0C1AFEC}.Debug|x64.Build.0 = Debug|x64
		{BE86A017-C081-4486-AB5C-9F2FD0C1AFEC}.Debug|x86.ActiveCfg = Debug|Win32
		{BE86A017-C081-4486-AB5C-9F2FD0C1AFEC}.Debug|x86.Build.0 = Debug|Win32
		{BE86A017-C081-4486-AB5C-9F2FD0C1AFEC}.Release|x64.ActiveCfg = Release|x64
		{BE86A017-C081-4486-AB5C-9F2FD0C1AFEC}.Release|x64.Build.0 = Release|x64
		{BE86A017-C081-4486-AB5C-9F2FD0C1AFEC}.Release|x86.ActiveCfg = Release|Win32
		{BE86A017-C081-4486-AB5C-9F2FD0C1AFEC}.Release|x86.Build.0 = Release|Win32
		{B293E4FD-6836-4F58-B8ED-0A1E2C7A7DD0}.Debug|x64.ActiveCfg = Debug|x64
		{B293E4FD-6836-4F58-B8ED-0A1E2C7A7DD0}.Debug|x64.Build.0 = Debug|x64
		{B293E4FD-6836-4F58-B8ED-0A1E2C7A7DD0}.Debug|x86.ActiveCfg = Debug|Win32
		{B293E4FD-6836-4F58-B8ED-0A1E2C7A7DD0}.Debug|x86.Build.0 = Debug|Win32
		{B293E4FD-6836-4F58-B8ED-0A1E2C7A7DD0}.Release|x64.ActiveCfg = Release|x64
		{B293E4FD-6836-4F58-B8ED-0A1E2C7A7DD0}.Release|x64.Build.0 = Release|x64
		{B293E4FD-6836-4F58-B8ED-0A1E2C7A7DD0}.Release|x86.ActiveCfg = Release|Win32
		{B293E4FD-6836-4F58-B8ED-0A1E2C7A7DD0}.Release|x86.Build.0 = Release|Win32
		{7CEBCCD3-5405-41DD-AC8B-8F8C4A009570}.Debug|x64.ActiveCfg = Debug|x64
		{7CEBCCD3-5405-41DD-AC8B-8F8C4A009570}.Debug|x64.Build.0 = Debug|x64
		{7CEBCCD3-5405-41DD-AC8B-8F8C4A009570}.Debug|x86.ActiveCfg = Debug|Win32
		{7CEBCCD3-5405-41DD-AC8B-8F8C4A009570}.Debug|x86.Build.0 = Debug|Win32
		{7CEBCCD3-5405-41DD-AC8B-8F8C4A009570}.Release|x64.ActiveCfg = Release|x64
		{7CEBCCD3-5405-41DD-AC8B-8F8C4A009570}.Release|x64.Build.0 = Release|x64
		{7CEBCCD3-5405-41DD-AC8B-8F8C4A009570}.Release|x86.ActiveCfg = Release|Win32
		{7CEBCCD3-5405-41DD-AC8B-8F8C4A009570}.Release|x86.Build.0 = Release|Win32
		{BED47B31-1F49-422C-A754-F391E3029715}.Debug|x64.ActiveCfg = Debug|x64
		{BED47B31-1F49-422C-A754-F391E3029715}.Debug|x64.Build.0 = Debug|x64
		{BED47B31-1F49-422C-A754-F391E3029715}.Debug|x86.ActiveCfg = Debug|Win32
		{BED47B31-1F49-422C-A754-F391E3029715}.Debug|x86.Build.0 = Debug|Win32
		{BED47B31-1F49-422C-A754-F391E3029715}.Release|x64.ActiveCfg = Release|x64
		{BED47B31-1F49-422C-A754-F391E3029715}.Release|x64.Build.0 = Release|x64
		{BED47B31-1F49-422C-A754-F391E3029715}.Release|x86.ActiveCfg = Release|Win32
		{BED47B31-1F49-422C-A754-F391E3029715}.Release|x86.Build.0 = Release|Win32
		{E0CB42DB-5D14-4948-84D0-C30CD14F42BF}.Debug|x64.ActiveCfg = Debug|x64
		{E0CB42DB-5D14-4948-84D0-C30CD14F42BF}.Debug|x64.Build.0 = Debug|x64
		{E0CB42DB-5D14-4948-84D0-C30CD14F42BF}.Debug|x86.ActiveCfg = Debug|Win32
		{E0CB42DB-5D14-4948-84D0-C30CD14F42BF}.Debug|x86.Build.0 = Debug|Win32
		{E0CB42DB-5D14-4948-84D0-C30CD14F42BF}.Release|x64.ActiveCfg = Release|x64
		{E0CB42DB-5D14-4948-84D0-C30CD14F42BF}.Release|x64.Build.0 = Release|x64
		{E0CB42DB-5D14-4948-84D0-C30CD14F42BF}.Release|x86.ActiveCfg = Release|Win32
		{E0CB42DB-5D14-4948-84D0-C30CD14F42BF}.Release|x86.Build.0 = Release|Win32
		{27776EA9-BF49-4DF1-A3DD-0D13888CA457}.Debug|x64.ActiveCfg = Debug|x64
		{27776EA9-BF49-4DF1-A3DD-0D13888CA457}.Debug|x64.Build.0 = Debug|x64
		{27776EA9-BF49-4DF1-A3DD-0D13888CA457}.Debug|x86.ActiveCfg = Debug|Win32
		{27776EA9-BF49-4DF1-A3DD-0D13888CA457}.Debug|x86.Build.0 = Debug|Win32
		{27776EA9-BF49-4DF1-A3DD-0D13888CA457}.Release|x64.ActiveCfg = Release|x64
		{27776EA9-BF49-4DF1-A3DD-0D13888CA457}.Release|x64.Build.0 = Release|x64
		{27776EA9-BF49-4DF1-A3DD-0D13888CA457}.Release|x86.ActiveCfg = Release|Win32
		{27776EA9-BF49-4DF1-A3DD-0D13888CA457}.Release|x86.Build.0 = Release|Win32
		{A71CF40C-D224-4F27-B7EE-D3590CFF0F7C}.Debug|x64.ActiveCfg = Debug|x64
		{A71CF40C-D224-4F27-B7EE-D3590CFF0F7C}.Debug|x64.Build.0 = Debug|x64
		{A71CF40C-D224-4F27-B7EE-D3590CFF0F7C}.Debug|x86.ActiveCfg = Debug|Win32
		{A71CF40C-D224-4F27-B7EE-D3590CFF0F7C}.Debug|x86.Build.0 = Debug|Win32
		{A71CF40C-D224-4F27-B7EE-D3590CFF0F7C}.Release|x64.ActiveCfg = Release|x64
		{A71CF40C-D224-4F27-B7EE-D3590CFF0F7C}.Release|x64.Build.0 = Release|x64
		{A71CF40C-D224-4F27-B7EE-D3590CFF0F7C}.Release|x86.ActiveCfg = Release|Win32
		{A71CF40C-D224-4F27-B7EE-D3590CFF0F7C}.Release|x86.Build.0 = Release|Win32
		{CC7FED71-6789-482B-9FC2-13553D16D733}.Debug|x64.ActiveCfg = Debug|x64
		{CC7FED71-6789-482B-9FC2-13553D16D733}.Debug|x64.Build.0 = Debug|x64
		{CC7FED71-6789-482B-9FC2-13553D16D733}.Debug|x86.ActiveCfg = Debug|Win32
		{CC7FED71-6789-482B-9FC2-13553D16D733}.Debug|x86.Build.0 = Debug|Win32
		{CC7FED71-6789-482B-9FC2-13553D16D733}.Release|x64.ActiveCfg = Release|x64
		{CC7FED71-6789-482B-9FC2-13553D16D733}.Release|x64.Build.0 = Release|x64
		{CC7FED71-6789-482B-9FC2-13553D16D733}.Release|x86.ActiveCfg = Release|Win32
		{CC7FED71-6789-482B-9FC2-13553D16D733}.Release|x86.Build.0 = Release|Win32
		{86483BB8-7034-420C-BD50-753CFC389A3D}.Debug|x64.ActiveCfg = Debug|x64
		{86483BB8-7034-420C-BD50-753CFC389A3D}.Debug|x64.Build.0 = Debug|x64
		{86483BB8-7034-420C-BD50-753CFC389A3D}.Debug|x86.ActiveCfg = Debug|Win32
		{86483BB8-7034-420C-BD50-753CFC389A3D}.Debug|x86.Build.0 = Debug|Win32
		{86483BB8-7034-420C-BD50-753CFC389A3D}.Release|x64.ActiveCfg = Release|x64
		{86483BB8-7034-420C-BD50-753CFC389A3D}.Release|x64.Build.0 = Release|x64
		{86483BB8-7034-420C-BD50-753CFC389A3D}.Release|x86.ActiveCfg = Release|Win32
		{86483BB8-7034-420C-BD50-753CFC389A3D}.Release|x86.Build.0 = Release|Win32
		{545139FE-45F4-4B99-AA58-03FE0DDB726F}.Debug|x64.ActiveCfg = Debug|x64
		{545139FE-45F4-4B99-AA58-03FE0DDB726F}.Debug|x64.Build.0 = Debug|x64
		{545139FE-45F4-4B99-AA58-03FE0DDB726F}.Debug|x86.ActiveCfg = Debug|Win32
		{545139FE-45F4-4B99-AA58-03FE0DDB726F}.Debug|x86.Build.0 = Debug|Win32
		{545139FE-45F4-4B99-AA58-03FE0DDB726F}.Release|x64.ActiveCfg = Release|x64
		{545139FE-45F4-4B99-AA58-03FE0DDB726F}.Release|x64.Build.0 = Release|x64
		{545139FE-45F4-4B99-AA58-03FE0DDB726F}.Release|x86.ActiveCfg = Release|Win32
		{545139FE-45F4-4B99-AA58-03FE0DDB726F}.Release|x86.Build.0 = Release|Win32
		{FB0E12D6-8D3D-4C05-8675-CF794869605C}.Debug|x64.ActiveCfg = Debug|x64
		{FB0E12D6-8D3D-4C05-8675-CF794869605C}.Debug|x64.Build.0 = Debug|x64
		{FB0E12D6-8D3D-4C05-8675-CF794869605C}.Debug|x86.ActiveCfg = Debug|Win32
		{FB0E12D6-8D3D-4C05-8675-CF794869605C}.Debug|x86.Build.0 = Debug|Win32
		{FB0E12D6-8D3D-4C05-8675-CF794869605C}.Release|x64.ActiveCfg = Release|x64
		{FB0E12D6-8D3D-4C05-8675-CF794869605C}.Release|x64.Build.0 = Release|x64
		{FB0E12D6-8D3D-4C05-8675-CF794869605C}.Release|x86.ActiveCfg = Release|Win32
		{FB0E12D6-8D3D-4C05-8675-CF794869605C}.Release|x86.Build.0 = Release|Win32
		{EDCCD0E7-0290-4B17-B5B2-71E8F68A52B7}.Debug|x64.ActiveCfg = Debug|x64
		{EDCCD0E7-0290-4B17-B5B2-71E8F68A52B7}.Debug|x64.Build.0 = Debug|x64
		{EDCCD0E7-0290-4B17-B5B2-71E8F68A52B7}.Debug|x86.ActiveCfg = Debug|Win32
		{EDCCD0E7-0290-4B17-B5B2-71E8F68A52B7}.Debug|x86.Build.0 = Debug|Win32
		{EDCCD0E7-0290-4B17-B5B2-71E8F68A52B7}.Release|x64.ActiveCfg = Release|x64
		{EDCCD0E7-0290-4B17-B5B2-71E8F68A52B7}.Release|x64.Build.0 = Release|x64
		{EDCCD0E7-0290-4B17-B5B2-71E8F68A52B7}.Release|x86.ActiveCfg = Release|Win32
		{EDCCD0E7-0290-4B17-B5B2-71E8F68A52B7}.Release|x86.Build.0 = Release|Win32
		{D4BB4CA9-EC34-481E-AAA6-9B72F1B8654C}.Debug|x64.ActiveCfg = Debug|x64
		{D4BB4CA9-EC34-481E-AAA6-9B72F1B8654C}.Debug|x64.Build.0 = Debug|x64
		{D4BB4CA9-EC34-481E-AAA6-9B72F1B8654C}.Debug|x86.ActiveCfg = Debug|Win32
		{D4BB4CA9-EC34-481E-AAA6-9B72F1B8654C}.Debug|x86.Build.0 = Debug|Win32
		{D4BB4CA9-EC34-481E-AAA6-9B72F1B8654C}.Release|x64.ActiveCfg = Release|x64
		{D4BB4CA9-EC34-481E-AAA6-9B72F1B8654C}.Release|x64.Build.0 = Release|x64
		{D4BB4CA9-EC34-481E-AAA6-9B72F1B8654C}.Release|x86.ActiveCfg = Release|Win32
		{D4BB4CA9-EC34-481E-AAA6-9B72F1B8654C}.Release|x86.Build.0 = Release|Win32
		{3D9588A7-DF27-4872-9B20-CC85F112968F}.Debug|x64.ActiveCfg = Debug|x64
		{3D9588A7-DF27-4872-9B20-CC85F112968F}.Debug|x64.Build.0 = Debug|x64
		{3D9588A7-DF27-4872-9B20-CC85F112968F}.Debug|x86.ActiveCfg = Debug|Win32
		{3D9588A7-DF27-4872-9B20-CC85F112968F}.Debug|x86.Build.0 = Debug|Win32
		{3D9588A7-DF27-4872-9B20-CC85F112968F}.Release|x64.ActiveCfg = Release|x64
		{3D9588A7-DF27-4872-9B20-CC85F112968F}.Release|x64.Build.0 = Release|x64
		{3D9588A7-DF27-4872-9B20-CC85F112968F}.Release|x86.ActiveCfg = Release|Win32
		{3D9588A7-DF27-4872-9B20-CC85F112968F}.Release|x86.Build.0 = Release|Win32
		{DB9E6B59-5154-48D0-8B77-8C1958F382F0}.Debug|x64.ActiveCfg = Debug|x64
		{DB9E6B59-5154-48D0-8B77-8C1958F382F0}.Debug|x64.Build.0 = Debug|x64
		{DB9E6B59-5154-48D0-8B77-8C1958F382F0}.Debug|x86.ActiveCfg = Debug|Win32
		{DB9E6B59-5154-48D0-8B77-8C1958F382F0}.Debug|x86.Build.0 = Debug|Win32
		{DB9E6B59-5154-48D0-8B77-8C1958F382F0}.Release|x64.ActiveCfg = Release|x64
		{DB9E6B59-5154-48D0-8B77-8C1958F382F0}.Release|x64.Build.0 = Release|x64
		{DB9E6B59-5154-48D0-8B77-8C1958F382F0}.Release|x86.ActiveCfg = Release|Win32
		{DB9E6B59-5154-48D0-8B77-8C1958F382F0}.Release|x86.Build.0 = Release|Win32
		{5CDF551D-7136-4AA0-934D-206897A5CC6F}.Debug|x64.ActiveCfg = Debug|x64
		{5CDF551D-7136-4AA0-934D-206897A5CC6F}.Debug|x64.Build.0 = Debug|x64
		{5CDF551D-7136-4AA0-934D-206897A5CC6F}.Debug|x86.ActiveCfg = Debug|Win32
		{5CDF551D-7136-4AA0-934D-206897A5CC6F}.Debug|x86.Build.0 = Debug|Win32
		{5CDF551D-7136-4AA0-934D-206897A5CC6F}.Release|x64.ActiveCfg = Release|x64
		{5CDF551D-7136-4AA0-934D-206897A5CC6F}.Release|x64.Build.0 = Release|x64
		{5CDF551D-7136-4AA0-934D-206897A5CC6F}.Release|x86.ActiveCfg = Release|Win32
		{5CDF551D-7136-4AA0-934D-206897A5CC6F}.Release|x86.Build.0 = Release|Win32
		{A33E7E9F-C302-465A-AA82-4C017D39EB07}.Debug|x64.ActiveCfg = Debug|x64
		{A33E7E9F-C302-465A-AA82-4C017D39EB07}.Debug|x64.Build.0 = Debug|x64
		{A33E7E9F-C302-465A-AA82-4C017D39EB07}.Debug|x86.ActiveCfg = Debug|Win32
		{A33E7E9F-C302-465A-AA82-4C017D39EB07}.Debug|x86.Build.0 = Debug|Win32
		{A33E7E9F-C302-465A-AA82-4C017D39EB07}.Release|x64.ActiveCfg = Release|x64
		{A33E7E9F-C302-465A-AA82-4C017D39EB07}.Release|x64.Build.0 = Release|x64
		{A33E7E9F-C302-465A-AA82-4C017D39EB07}.Release|x86.ActiveCfg = Release|Win32
		{A33E7E9F-C302-465A-AA82-4C017D39EB07}.Release|x86.Build.0 = Release|Win32
		{A78176C7-6542-4C20-8417-4DDA46A29FA9}.Debug|x64.ActiveCfg = Debug|x64
		{A78176C7-6542-4C20-8417-4DDA46A29FA9}.Debug|x64.Build.0 = Debug|x64
		{A78176C7-6542-4C20-8417-4DDA46A29FA9}.Debug|x86.ActiveCfg = Debug|Win32
		{A78176C7-6542-4C20-8417-4DDA46A29FA9}.Debug|x86.Build.0 = Debug|Win32
		{A78176C7-6542-4C20-8417-4DDA46A29FA9}.Release|x64.ActiveCfg = Release|x64
		{A78176C7-6542-4C20-8417-4DDA46A29FA9}.Release|x64.Build.0 = Release|x64
		{A78176C7-6542-4C20-8417-4DDA46A29FA9}.Release|x86.ActiveCfg = Release|Win32
		{A78176C7-6542-4C20-8417-4DDA46A29FA9}.Release|x86.Build.0 = Release|Win32
		{A97188CE-9C1C-4E6B-9CE7-EE72417B9FA7}.Debug|x64.ActiveCfg = Debug|x64
		{A97188CE-9C1C-4E6B-9CE7-EE72417B9FA7}.Debug|x64.Build.0 = Debug|x64
		{A97188CE-9C1C-4E6B-9CE7-EE72417B9FA7}.Debug|x86.ActiveCfg = Debug|Win32
		{A97188CE-9C1C-4E6B-9CE7-EE72417B9FA7}.Debug|x86.Build.0 = Debug|Win32
		{A97188CE-9C1C-4E6B-9CE7-EE72417B9FA7}.Release|x64.ActiveCfg = Release|x64
		{A97188CE-9C1C-4E6B-9CE7-EE72417B9FA7}.Release|x64.Build.0 = Release|x64
		{A97188CE-9C1C-4E6B-9CE7-EE72417B9FA7}.Release|x86.ActiveCfg = Release|Win32
		{A97188CE-9C1C-4E6B-9CE7-EE72417B9FA7}.Release|x86.Build.0 = Release|Win32
		{B2E1473C-61B5-4FCE-ACBF-0C65860AB437}.Debug|x64.ActiveCfg = Debug|x64
		{B2E1473C-61B5-4FCE-ACBF-0C65860AB437}.Debug|x64.Build.0 = Debug|x64
		{B2E1473C-61B5-4FCE-ACBF-0C65860AB437}.Debug|x86.ActiveCfg = Debug|Win32
		{B2E1473C-61B5-4FCE-ACBF-0C65860AB437}.Debug|x86.Build.0 = Debug|Win32
		{B2E1473C-61B5-4FCE-ACBF-0C65860AB437}.Release|x64.ActiveCfg = Release|x64
		{B2E1473C-61B5-4FCE-ACBF-0C65860AB437}.Release|x64.Build.0 = Release|x64
		{B2E1473C-61B5-4FCE-ACBF-0C65860AB437}.Release|x86.ActiveCfg = Release|Win32
		{B2E1473C-61B5-4FCE-ACBF-0C65860AB437}.Release|x86.Build.0 = Release|Win32
		{F9FE1F62-9860-4919-9508-51E67CA0FB70}.Debug|x64.ActiveCfg = Debug|x64
		{F9FE1F62-9860-4919-9508-51E67CA0FB70}.Debug|x64.Build.0 = Debug|x64
		{F9FE1F62-9860-4919-9508-51E67CA0FB70}.Debug|x86.ActiveCfg = Debug|Win32
		{F9FE1F62-9860-4919-9508-51E67CA0FB70}.Debug|x86.Build.0 = Debug|Win32
		{F9FE1F62-9860-4919-9508-51E67CA0FB70}.Release|x64.ActiveCfg = Release|x64
		{F9FE1F62-9860-4919-9508-51E67CA0FB70}.Release|x64.Build.0 = Release|x64
		{F9FE1F62-9860-4919-9508-51E67CA0FB70}.Release|x86.ActiveCfg = Release|Win32
		{F9FE1F62-9860-4919-9508-51E67CA0FB70}.Release|x86.Build.0 = Release|Win32
		{D0C005F6-73C2-4063-A4C7-88F0F5F61F26}.Debug|x64.ActiveCfg = Debug|x64
		{D0C005F6-73C2-4063-A4C7-88F0F5F61F26}.Debug|x64.Build.0 = Debug|x64
		{D0C005F6-73C2-4063-A4C7-88F0F5F61F26}.Debug|x86.ActiveCfg = Debug|Win32
		{D0C005F6-73C2-4063-A4C7-88F0F5F61F26}.Debug|x86.Build.0 = Debug|Win32
		{D0C005F6-73C2-4063-A4C7-88F0F5F61F26}.Release|x64.ActiveCfg = Release|x64
		{D0C005F6-73C2-4063-A4C7-88F0F5F61F26}.Release|x64.Build.0 = Release|x64
		{D0C005F6-73C2-4063-A4C7-88F0F5F61F26}.Release|x86.ActiveCfg = Release|Win32
		{D0C005F6-73C2-4063-A4C7-88F0F5F61F26}.Release|x86.Build.0 = Release|Win32
		{3CC079E5-BAD5-4D75-A519-DB7866E4BE13}.Debug|x64.ActiveCfg = Debug|x64
		{3CC079E5-BAD5-4D75-A519-DB7866E4BE13}.Debug|x64.Build.0 = Debug|x64
		{3CC079E5-BAD5-4D75-A519-DB7866E4BE13}.Debug|x86.ActiveCfg = Debug|Win32
		{3CC079E5-BAD5-4D75-A519-DB7866E4BE13}.Debug|x86.Build.0 = Debug|Win32
		{3CC079E5-BAD5-4D75-A519-DB7866E4BE13}.Release|x64.ActiveCfg = Release|x64
		{3CC079E5-BAD5-4D75-A519-DB7866E4BE13}.Release|x64.Build.0 = Release|x64
		{3CC079E5-BAD5-4D75-A519-DB7866E4BE13}.Release|x86.ActiveCfg = Release|Win32
		{3CC079E5-BAD5-4D75-A519-DB7866E4BE13}.Release|x86.Build.0 = Release|Win32
		{5D3C9F38-BF8B-4351-9835-0A40A4BD9219}.Debug|x64.ActiveCfg = Debug|x64
		{5D3C9F38-BF8B-4351-9835-0A40A4BD9219}.Debug|x64.Build.0 = Debug|x64
		{5D3C9F38-BF8B-4351-9835-0A40A4BD9219}.Debug|x86.ActiveCfg = Debug|Win32
		{5D3C9F38-BF8B-4351-9835-0A40A4BD9219}.Debug|x86.Build.0 = Debug|Win32
		{5D3C9F38-BF8B-4351-9835-0A40A4BD9219}.Release|x64.ActiveCfg = Release|x64
		{5D3C9F38-BF8B-4351-9835-0A40A4BD9219}.Release|x64.Build.0 = Release|x64
		{5D3C9F38-BF8B-4351-9835-0A40A4BD9219}.Release|x86.ActiveCfg = Release|Win32
		{5D3C9F38-BF8B-4351-9835-0A40A4BD9219}.Release|x86.Build.0 = Release|Win32
		{D3C1FAFA-5549-445C-AC01-7DD5A010A6C8}.Debug|x64.ActiveCfg = Debug|x64
		{D3C1FAFA-5549-445C-AC01-7DD5A010A6C8}.Debug|x64.Build.0 = Debug|x64
		{D3C1FAFA-5549-445C-AC01-7DD5A010A6C8}.Debug|x86.ActiveCfg = Debug|Win32
		{D3C1FAFA-5549-445C-AC01-7DD5A010A6C8}.Debug|x86.Build.0 = Debug|Win32
		{D3C1FAFA-5549-445C-AC01-7DD5A010A6C8}.Release|x64.ActiveCfg = Release|x64
		{D3C1FAFA-5549-445C-AC01-7DD5A010A6C8}.Release|x64.Build.0 = Release|x64
		{D3C1FAFA-5549-445C-AC01-7DD5A010A6C8}.Release|x86.ActiveCfg = Release|Win32
		{D3C1FAFA-5549-445C-AC01-7DD5A010A6C8}.Release|x86.Build.0 = Release|Win32
	EndGlobalSection
	GlobalSection(SolutionProperties) = preSolution
		HideSolutionNode = FALSE
	EndGlobalSection
EndGlobal
